
Microsoft Visual Studio Solution File, Format Version 12.00
# Visual Studio Version 17
VisualStudioVersion = 17.9.34728.123
MinimumVisualStudioVersion = 10.0.40219.1
Project("{FAE04EC0-301F-11D3-BF4B-00C04F79EFBC}") = "MobileBgScraper", "MobileBgScraper\MobileBgScraper.csproj", "{9E4B6ABB-E62C-4C12-B5E6-6E6ECD5564AC}"
EndProject
Global
	GlobalSection(SolutionConfigurationPlatforms) = preSolution
		Debug|Any CPU = Debug|Any CPU
		Release|Any CPU = Release|Any CPU
	EndGlobalSection
	GlobalSection(ProjectConfigurationPlatforms) = postSolution
		{9E4B6ABB-E62C-4C12-B5E6-6E6ECD5564AC}.Debug|Any CPU.ActiveCfg = Debug|Any CPU
		{9E4B6ABB-E62C-4C12-B5E6-6E6ECD5564AC}.Debug|Any CPU.Build.0 = Debug|Any CPU
		{9E4B6ABB-E62C-4C12-B5E6-6E6ECD5564AC}.Release|Any CPU.ActiveCfg = Release|Any CPU
		{9E4B6ABB-E62C-4C12-B5E6-6E6ECD5564AC}.Release|Any CPU.Build.0 = Release|Any CPU
	EndGlobalSection
	GlobalSection(SolutionProperties) = preSolution
		HideSolutionNode = FALSE
	EndGlobalSection
	GlobalSection(ExtensibilityGlobals) = postSolution
		SolutionGuid = {4E56E5D8-ADC6-4A5F-AB10-A17133217BE3}
	EndGlobalSection
EndGlobal
